// !$*UTF8*$!
{
	archiveVersion = 1;
	classes = {
	};
	objectVersion = 50;
	objects = {

/* Begin PBXBuildFile section */
		3B4527D921AF1B8100EAC97F /* Constants.swift in Sources */ = {isa = PBXBuildFile; fileRef = 3B4527D821AF1B8100EAC97F /* Constants.swift */; };
		3B551AB221AF40EC00B55AA7 /* DetailsScreenshotsCollection.swift in Sources */ = {isa = PBXBuildFile; fileRef = 3B551AB121AF40EC00B55AA7 /* DetailsScreenshotsCollection.swift */; };
		3B551AB421AF456D00B55AA7 /* DetailsScreenshotCell.swift in Sources */ = {isa = PBXBuildFile; fileRef = 3B551AB321AF456D00B55AA7 /* DetailsScreenshotCell.swift */; };
		3B6DDE0E21AEC9450066CD30 /* BaseAppCell.swift in Sources */ = {isa = PBXBuildFile; fileRef = 3B6DDE0D21AEC9450066CD30 /* BaseAppCell.swift */; };
		3B6DDE1021AECB510066CD30 /* BannerAppCell.swift in Sources */ = {isa = PBXBuildFile; fileRef = 3B6DDE0F21AECB510066CD30 /* BannerAppCell.swift */; };
		3B6DDE1221AED2270066CD30 /* DetailedAppCell.swift in Sources */ = {isa = PBXBuildFile; fileRef = 3B6DDE1121AED2270066CD30 /* DetailedAppCell.swift */; };
		3B6DDE1421AED5FE0066CD30 /* LargeAppCell.swift in Sources */ = {isa = PBXBuildFile; fileRef = 3B6DDE1321AED5FE0066CD30 /* LargeAppCell.swift */; };
		3B6DDE1621AED8940066CD30 /* BaseCategoryCollection.swift in Sources */ = {isa = PBXBuildFile; fileRef = 3B6DDE1521AED8940066CD30 /* BaseCategoryCollection.swift */; };
		3B6DDE1821AEDB8D0066CD30 /* BannerCategoryCollection.swift in Sources */ = {isa = PBXBuildFile; fileRef = 3B6DDE1721AEDB8D0066CD30 /* BannerCategoryCollection.swift */; };
		3B6DDE1A21AEE1DE0066CD30 /* NamedCategoryCollection.swift in Sources */ = {isa = PBXBuildFile; fileRef = 3B6DDE1921AEE1DE0066CD30 /* NamedCategoryCollection.swift */; };
		3B6DDE1C21AEE4310066CD30 /* LargeCategoryCollection.swift in Sources */ = {isa = PBXBuildFile; fileRef = 3B6DDE1B21AEE4310066CD30 /* LargeCategoryCollection.swift */; };
		3B6DDE2021AF05A00066CD30 /* AppDetailsViewController.swift in Sources */ = {isa = PBXBuildFile; fileRef = 3B6DDE1F21AF05A00066CD30 /* AppDetailsViewController.swift */; };
		3B6DDE2221AF07DA0066CD30 /* BaseCell.swift in Sources */ = {isa = PBXBuildFile; fileRef = 3B6DDE2121AF07DA0066CD30 /* BaseCell.swift */; };
		3B6DDE2421AF0B3B0066CD30 /* DetailsHeaderCell.swift in Sources */ = {isa = PBXBuildFile; fileRef = 3B6DDE2321AF0B3B0066CD30 /* DetailsHeaderCell.swift */; };
		3BA50C6C21B02D2800DE9CC4 /* Networking.swift in Sources */ = {isa = PBXBuildFile; fileRef = 3BA50C6B21B02D2800DE9CC4 /* Networking.swift */; };
		3BA50C6E21B03B5200DE9CC4 /* DetailsDescriptionCell.swift in Sources */ = {isa = PBXBuildFile; fileRef = 3BA50C6D21B03B5200DE9CC4 /* DetailsDescriptionCell.swift */; };
		3BA50C7021B0630700DE9CC4 /* BaseCollectionCell.swift in Sources */ = {isa = PBXBuildFile; fileRef = 3BA50C6F21B0630700DE9CC4 /* BaseCollectionCell.swift */; };
		3BED09D421AD858700905978 /* AppDelegate.swift in Sources */ = {isa = PBXBuildFile; fileRef = 3BED09D321AD858700905978 /* AppDelegate.swift */; };
		3BED09D621AD858700905978 /* CategoryViewController.swift in Sources */ = {isa = PBXBuildFile; fileRef = 3BED09D521AD858700905978 /* CategoryViewController.swift */; };
		3BED09DB21AD858900905978 /* Assets.xcassets in Resources */ = {isa = PBXBuildFile; fileRef = 3BED09DA21AD858900905978 /* Assets.xcassets */; };
		3BED09DE21AD858900905978 /* LaunchScreen.storyboard in Resources */ = {isa = PBXBuildFile; fileRef = 3BED09DC21AD858900905978 /* LaunchScreen.storyboard */; };
		3BED09EA21ADAAA900905978 /* Models.swift in Sources */ = {isa = PBXBuildFile; fileRef = 3BED09E921ADAAA900905978 /* Models.swift */; };
		3BED2CDB21B06CB5009AADFD /* DetailsInformationCell.swift in Sources */ = {isa = PBXBuildFile; fileRef = 3BED2CDA21B06CB5009AADFD /* DetailsInformationCell.swift */; };
/* End PBXBuildFile section */

/* Begin PBXFileReference section */
		3B4527D821AF1B8100EAC97F /* Constants.swift */ = {isa = PBXFileReference; lastKnownFileType = sourcecode.swift; path = Constants.swift; sourceTree = "<group>"; };
		3B551AB121AF40EC00B55AA7 /* DetailsScreenshotsCollection.swift */ = {isa = PBXFileReference; lastKnownFileType = sourcecode.swift; path = DetailsScreenshotsCollection.swift; sourceTree = "<group>"; };
		3B551AB321AF456D00B55AA7 /* DetailsScreenshotCell.swift */ = {isa = PBXFileReference; lastKnownFileType = sourcecode.swift; path = DetailsScreenshotCell.swift; sourceTree = "<group>"; };
		3B6DDE0D21AEC9450066CD30 /* BaseAppCell.swift */ = {isa = PBXFileReference; lastKnownFileType = sourcecode.swift; path = BaseAppCell.swift; sourceTree = "<group>"; };
		3B6DDE0F21AECB510066CD30 /* BannerAppCell.swift */ = {isa = PBXFileReference; lastKnownFileType = sourcecode.swift; path = BannerAppCell.swift; sourceTree = "<group>"; };
		3B6DDE1121AED2270066CD30 /* DetailedAppCell.swift */ = {isa = PBXFileReference; lastKnownFileType = sourcecode.swift; path = DetailedAppCell.swift; sourceTree = "<group>"; };
		3B6DDE1321AED5FE0066CD30 /* LargeAppCell.swift */ = {isa = PBXFileReference; lastKnownFileType = sourcecode.swift; path = LargeAppCell.swift; sourceTree = "<group>"; };
		3B6DDE1521AED8940066CD30 /* BaseCategoryCollection.swift */ = {isa = PBXFileReference; lastKnownFileType = sourcecode.swift; path = BaseCategoryCollection.swift; sourceTree = "<group>"; };
		3B6DDE1721AEDB8D0066CD30 /* BannerCategoryCollection.swift */ = {isa = PBXFileReference; lastKnownFileType = sourcecode.swift; path = BannerCategoryCollection.swift; sourceTree = "<group>"; };
		3B6DDE1921AEE1DE0066CD30 /* NamedCategoryCollection.swift */ = {isa = PBXFileReference; lastKnownFileType = sourcecode.swift; path = NamedCategoryCollection.swift; sourceTree = "<group>"; };
		3B6DDE1B21AEE4310066CD30 /* LargeCategoryCollection.swift */ = {isa = PBXFileReference; lastKnownFileType = sourcecode.swift; path = LargeCategoryCollection.swift; sourceTree = "<group>"; };
		3B6DDE1F21AF05A00066CD30 /* AppDetailsViewController.swift */ = {isa = PBXFileReference; lastKnownFileType = sourcecode.swift; path = AppDetailsViewController.swift; sourceTree = "<group>"; };
		3B6DDE2121AF07DA0066CD30 /* BaseCell.swift */ = {isa = PBXFileReference; lastKnownFileType = sourcecode.swift; path = BaseCell.swift; sourceTree = "<group>"; };
		3B6DDE2321AF0B3B0066CD30 /* DetailsHeaderCell.swift */ = {isa = PBXFileReference; lastKnownFileType = sourcecode.swift; path = DetailsHeaderCell.swift; sourceTree = "<group>"; };
		3BA50C6B21B02D2800DE9CC4 /* Networking.swift */ = {isa = PBXFileReference; lastKnownFileType = sourcecode.swift; path = Networking.swift; sourceTree = "<group>"; };
		3BA50C6D21B03B5200DE9CC4 /* DetailsDescriptionCell.swift */ = {isa = PBXFileReference; lastKnownFileType = sourcecode.swift; path = DetailsDescriptionCell.swift; sourceTree = "<group>"; };
		3BA50C6F21B0630700DE9CC4 /* BaseCollectionCell.swift */ = {isa = PBXFileReference; lastKnownFileType = sourcecode.swift; path = BaseCollectionCell.swift; sourceTree = "<group>"; };
		3BED09D021AD858700905978 /* App Store.app */ = {isa = PBXFileReference; explicitFileType = wrapper.application; includeInIndex = 0; path = "App Store.app"; sourceTree = BUILT_PRODUCTS_DIR; };
		3BED09D321AD858700905978 /* AppDelegate.swift */ = {isa = PBXFileReference; lastKnownFileType = sourcecode.swift; path = AppDelegate.swift; sourceTree = "<group>"; };
		3BED09D521AD858700905978 /* CategoryViewController.swift */ = {isa = PBXFileReference; lastKnownFileType = sourcecode.swift; path = CategoryViewController.swift; sourceTree = "<group>"; };
		3BED09DA21AD858900905978 /* Assets.xcassets */ = {isa = PBXFileReference; lastKnownFileType = folder.assetcatalog; path = Assets.xcassets; sourceTree = "<group>"; };
		3BED09DD21AD858900905978 /* Base */ = {isa = PBXFileReference; lastKnownFileType = file.storyboard; name = Base; path = Base.lproj/LaunchScreen.storyboard; sourceTree = "<group>"; };
		3BED09DF21AD858900905978 /* Info.plist */ = {isa = PBXFileReference; lastKnownFileType = text.plist.xml; path = Info.plist; sourceTree = "<group>"; };
		3BED09E921ADAAA900905978 /* Models.swift */ = {isa = PBXFileReference; lastKnownFileType = sourcecode.swift; path = Models.swift; sourceTree = "<group>"; };
		3BED2CDA21B06CB5009AADFD /* DetailsInformationCell.swift */ = {isa = PBXFileReference; lastKnownFileType = sourcecode.swift; path = DetailsInformationCell.swift; sourceTree = "<group>"; };
/* End PBXFileReference section */

/* Begin PBXFrameworksBuildPhase section */
		3BED09CD21AD858700905978 /* Frameworks */ = {
			isa = PBXFrameworksBuildPhase;
			buildActionMask = 2147483647;
			files = (
			);
			runOnlyForDeploymentPostprocessing = 0;
		};
/* End PBXFrameworksBuildPhase section */

/* Begin PBXGroup section */
		3B6DDE0821AEC8690066CD30 /* Model */ = {
			isa = PBXGroup;
			children = (
				3BED09E921ADAAA900905978 /* Models.swift */,
			);
			path = Model;
			sourceTree = "<group>";
		};
		3B6DDE0921AEC8730066CD30 /* View */ = {
			isa = PBXGroup;
			children = (
				3B6DDE2121AF07DA0066CD30 /* BaseCell.swift */,
				3BA50C6F21B0630700DE9CC4 /* BaseCollectionCell.swift */,
				3B6DDE1D21AF051E0066CD30 /* Featured */,
				3B6DDE1E21AF053D0066CD30 /* App Details */,
			);
			path = View;
			sourceTree = "<group>";
		};
		3B6DDE0A21AEC88A0066CD30 /* Controller */ = {
			isa = PBXGroup;
			children = (
				3BED09D521AD858700905978 /* CategoryViewController.swift */,
				3B6DDE1F21AF05A00066CD30 /* AppDetailsViewController.swift */,
				3BED09D321AD858700905978 /* AppDelegate.swift */,
			);
			path = Controller;
			sourceTree = "<group>";
		};
		3B6DDE0B21AEC8A20066CD30 /* App Cells */ = {
			isa = PBXGroup;
			children = (
				3B6DDE0D21AEC9450066CD30 /* BaseAppCell.swift */,
				3B6DDE0F21AECB510066CD30 /* BannerAppCell.swift */,
				3B6DDE1121AED2270066CD30 /* DetailedAppCell.swift */,
				3B6DDE1321AED5FE0066CD30 /* LargeAppCell.swift */,
			);
			path = "App Cells";
			sourceTree = "<group>";
		};
		3B6DDE0C21AEC8B90066CD30 /* Category Collections */ = {
			isa = PBXGroup;
			children = (
				3B6DDE1521AED8940066CD30 /* BaseCategoryCollection.swift */,
				3B6DDE1721AEDB8D0066CD30 /* BannerCategoryCollection.swift */,
				3B6DDE1921AEE1DE0066CD30 /* NamedCategoryCollection.swift */,
				3B6DDE1B21AEE4310066CD30 /* LargeCategoryCollection.swift */,
			);
			path = "Category Collections";
			sourceTree = "<group>";
		};
		3B6DDE1D21AF051E0066CD30 /* Featured */ = {
			isa = PBXGroup;
			children = (
				3B6DDE0B21AEC8A20066CD30 /* App Cells */,
				3B6DDE0C21AEC8B90066CD30 /* Category Collections */,
			);
			path = Featured;
			sourceTree = "<group>";
		};
		3B6DDE1E21AF053D0066CD30 /* App Details */ = {
			isa = PBXGroup;
			children = (
				3B6DDE2321AF0B3B0066CD30 /* DetailsHeaderCell.swift */,
				3B551AB321AF456D00B55AA7 /* DetailsScreenshotCell.swift */,
				3B551AB121AF40EC00B55AA7 /* DetailsScreenshotsCollection.swift */,
				3BA50C6D21B03B5200DE9CC4 /* DetailsDescriptionCell.swift */,
				3BED2CDA21B06CB5009AADFD /* DetailsInformationCell.swift */,
			);
			path = "App Details";
			sourceTree = "<group>";
		};
		3BED09C721AD858600905978 = {
			isa = PBXGroup;
			children = (
				3BED09D221AD858700905978 /* App Store */,
				3BED09D121AD858700905978 /* Products */,
			);
			sourceTree = "<group>";
		};
		3BED09D121AD858700905978 /* Products */ = {
			isa = PBXGroup;
			children = (
				3BED09D021AD858700905978 /* App Store.app */,
			);
			name = Products;
			sourceTree = "<group>";
		};
		3BED09D221AD858700905978 /* App Store */ = {
			isa = PBXGroup;
			children = (
				3B4527D821AF1B8100EAC97F /* Constants.swift */,
				3BA50C6B21B02D2800DE9CC4 /* Networking.swift */,
				3B6DDE0821AEC8690066CD30 /* Model */,
				3B6DDE0921AEC8730066CD30 /* View */,
				3B6DDE0A21AEC88A0066CD30 /* Controller */,
				3BED09DA21AD858900905978 /* Assets.xcassets */,
				3BED09DC21AD858900905978 /* LaunchScreen.storyboard */,
				3BED09DF21AD858900905978 /* Info.plist */,
			);
			path = "App Store";
			sourceTree = "<group>";
		};
/* End PBXGroup section */

/* Begin PBXNativeTarget section */
		3BED09CF21AD858700905978 /* App Store */ = {
			isa = PBXNativeTarget;
			buildConfigurationList = 3BED09E221AD858900905978 /* Build configuration list for PBXNativeTarget "App Store" */;
			buildPhases = (
				3BED09CC21AD858700905978 /* Sources */,
				3BED09CD21AD858700905978 /* Frameworks */,
				3BED09CE21AD858700905978 /* Resources */,
			);
			buildRules = (
			);
			dependencies = (
			);
			name = "App Store";
			productName = "App Store";
			productReference = 3BED09D021AD858700905978 /* App Store.app */;
			productType = "com.apple.product-type.application";
		};
/* End PBXNativeTarget section */

/* Begin PBXProject section */
		3BED09C821AD858600905978 /* Project object */ = {
			isa = PBXProject;
			attributes = {
				LastSwiftUpdateCheck = 1010;
				LastUpgradeCheck = 1010;
				ORGANIZATIONNAME = "Sam Louis Walker-Penn";
				TargetAttributes = {
					3BED09CF21AD858700905978 = {
						CreatedOnToolsVersion = 10.1;
					};
				};
			};
			buildConfigurationList = 3BED09CB21AD858600905978 /* Build configuration list for PBXProject "App Store" */;
			compatibilityVersion = "Xcode 9.3";
			developmentRegion = en;
			hasScannedForEncodings = 0;
			knownRegions = (
				en,
				Base,
			);
			mainGroup = 3BED09C721AD858600905978;
			productRefGroup = 3BED09D121AD858700905978 /* Products */;
			projectDirPath = "";
			projectRoot = "";
			targets = (
				3BED09CF21AD858700905978 /* App Store */,
			);
		};
/* End PBXProject section */

/* Begin PBXResourcesBuildPhase section */
		3BED09CE21AD858700905978 /* Resources */ = {
			isa = PBXResourcesBuildPhase;
			buildActionMask = 2147483647;
			files = (
				3BED09DE21AD858900905978 /* LaunchScreen.storyboard in Resources */,
				3BED09DB21AD858900905978 /* Assets.xcassets in Resources */,
			);
			runOnlyForDeploymentPostprocessing = 0;
		};
/* End PBXResourcesBuildPhase section */

/* Begin PBXSourcesBuildPhase section */
		3BED09CC21AD858700905978 /* Sources */ = {
			isa = PBXSourcesBuildPhase;
			buildActionMask = 2147483647;
			files = (
				3B6DDE1621AED8940066CD30 /* BaseCategoryCollection.swift in Sources */,
				3B4527D921AF1B8100EAC97F /* Constants.swift in Sources */,
				3B551AB221AF40EC00B55AA7 /* DetailsScreenshotsCollection.swift in Sources */,
				3BA50C6C21B02D2800DE9CC4 /* Networking.swift in Sources */,
				3B6DDE1C21AEE4310066CD30 /* LargeCategoryCollection.swift in Sources */,
				3BED09D621AD858700905978 /* CategoryViewController.swift in Sources */,
				3BED09D421AD858700905978 /* AppDelegate.swift in Sources */,
				3B6DDE2221AF07DA0066CD30 /* BaseCell.swift in Sources */,
				3B6DDE1021AECB510066CD30 /* BannerAppCell.swift in Sources */,
				3B6DDE1221AED2270066CD30 /* DetailedAppCell.swift in Sources */,
				3BA50C7021B0630700DE9CC4 /* BaseCollectionCell.swift in Sources */,
				3BED2CDB21B06CB5009AADFD /* DetailsInformationCell.swift in Sources */,
				3B6DDE0E21AEC9450066CD30 /* BaseAppCell.swift in Sources */,
				3B6DDE1421AED5FE0066CD30 /* LargeAppCell.swift in Sources */,
				3B6DDE1A21AEE1DE0066CD30 /* NamedCategoryCollection.swift in Sources */,
				3BED09EA21ADAAA900905978 /* Models.swift in Sources */,
				3BA50C6E21B03B5200DE9CC4 /* DetailsDescriptionCell.swift in Sources */,
				3B6DDE2421AF0B3B0066CD30 /* DetailsHeaderCell.swift in Sources */,
				3B551AB421AF456D00B55AA7 /* DetailsScreenshotCell.swift in Sources */,
				3B6DDE1821AEDB8D0066CD30 /* BannerCategoryCollection.swift in Sources */,
				3B6DDE2021AF05A00066CD30 /* AppDetailsViewController.swift in Sources */,
			);
			runOnlyForDeploymentPostprocessing = 0;
		};
/* End PBXSourcesBuildPhase section */

/* Begin PBXVariantGroup section */
		3BED09DC21AD858900905978 /* LaunchScreen.storyboard */ = {
			isa = PBXVariantGroup;
			children = (
				3BED09DD21AD858900905978 /* Base */,
			);
			name = LaunchScreen.storyboard;
			sourceTree = "<group>";
		};
/* End PBXVariantGroup section */

/* Begin XCBuildConfiguration section */
		3BED09E021AD858900905978 /* Debug */ = {
			isa = XCBuildConfiguration;
			buildSettings = {
				ALWAYS_SEARCH_USER_PATHS = NO;
				CLANG_ANALYZER_NONNULL = YES;
				CLANG_ANALYZER_NUMBER_OBJECT_CONVERSION = YES_AGGRESSIVE;
				CLANG_CXX_LANGUAGE_STANDARD = "gnu++14";
				CLANG_CXX_LIBRARY = "libc++";
				CLANG_ENABLE_MODULES = YES;
				CLANG_ENABLE_OBJC_ARC = YES;
				CLANG_ENABLE_OBJC_WEAK = YES;
				CLANG_WARN_BLOCK_CAPTURE_AUTORELEASING = YES;
				CLANG_WARN_BOOL_CONVERSION = YES;
				CLANG_WARN_COMMA = YES;
				CLANG_WARN_CONSTANT_CONVERSION = YES;
				CLANG_WARN_DEPRECATED_OBJC_IMPLEMENTATIONS = YES;
				CLANG_WARN_DIRECT_OBJC_ISA_USAGE = YES_ERROR;
				CLANG_WARN_DOCUMENTATION_COMMENTS = YES;
				CLANG_WARN_EMPTY_BODY = YES;
				CLANG_WARN_ENUM_CONVERSION = YES;
				CLANG_WARN_INFINITE_RECURSION = YES;
				CLANG_WARN_INT_CONVERSION = YES;
				CLANG_WARN_NON_LITERAL_NULL_CONVERSION = YES;
				CLANG_WARN_OBJC_IMPLICIT_RETAIN_SELF = YES;
				CLANG_WARN_OBJC_LITERAL_CONVERSION = YES;
				CLANG_WARN_OBJC_ROOT_CLASS = YES_ERROR;
				CLANG_WARN_RANGE_LOOP_ANALYSIS = YES;
				CLANG_WARN_STRICT_PROTOTYPES = YES;
				CLANG_WARN_SUSPICIOUS_MOVE = YES;
				CLANG_WARN_UNGUARDED_AVAILABILITY = YES_AGGRESSIVE;
				CLANG_WARN_UNREACHABLE_CODE = YES;
				CLANG_WARN__DUPLICATE_METHOD_MATCH = YES;
				CODE_SIGN_IDENTITY = "iPhone Developer";
				COPY_PHASE_STRIP = NO;
				DEBUG_INFORMATION_FORMAT = dwarf;
				ENABLE_STRICT_OBJC_MSGSEND = YES;
				ENABLE_TESTABILITY = YES;
				GCC_C_LANGUAGE_STANDARD = gnu11;
				GCC_DYNAMIC_NO_PIC = NO;
				GCC_NO_COMMON_BLOCKS = YES;
				GCC_OPTIMIZATION_LEVEL = 0;
				GCC_PREPROCESSOR_DEFINITIONS = (
					"DEBUG=1",
					"$(inherited)",
				);
				GCC_WARN_64_TO_32_BIT_CONVERSION = YES;
				GCC_WARN_ABOUT_RETURN_TYPE = YES_ERROR;
				GCC_WARN_UNDECLARED_SELECTOR = YES;
				GCC_WARN_UNINITIALIZED_AUTOS = YES_AGGRESSIVE;
				GCC_WARN_UNUSED_FUNCTION = YES;
				GCC_WARN_UNUSED_VARIABLE = YES;
				IPHONEOS_DEPLOYMENT_TARGET = 12.1;
				MTL_ENABLE_DEBUG_INFO = INCLUDE_SOURCE;
				MTL_FAST_MATH = YES;
				ONLY_ACTIVE_ARCH = YES;
				SDKROOT = iphoneos;
				SWIFT_ACTIVE_COMPILATION_CONDITIONS = DEBUG;
				SWIFT_OPTIMIZATION_LEVEL = "-Onone";
			};
			name = Debug;
		};
		3BED09E121AD858900905978 /* Release */ = {
			isa = XCBuildConfiguration;
			buildSettings = {
				ALWAYS_SEARCH_USER_PATHS = NO;
				CLANG_ANALYZER_NONNULL = YES;
				CLANG_ANALYZER_NUMBER_OBJECT_CONVERSION = YES_AGGRESSIVE;
				CLANG_CXX_LANGUAGE_STANDARD = "gnu++14";
				CLANG_CXX_LIBRARY = "libc++";
				CLANG_ENABLE_MODULES = YES;
				CLANG_ENABLE_OBJC_ARC = YES;
				CLANG_ENABLE_OBJC_WEAK = YES;
				CLANG_WARN_BLOCK_CAPTURE_AUTORELEASING = YES;
				CLANG_WARN_BOOL_CONVERSION = YES;
				CLANG_WARN_COMMA = YES;
				CLANG_WARN_CONSTANT_CONVERSION = YES;
				CLANG_WARN_DEPRECATED_OBJC_IMPLEMENTATIONS = YES;
				CLANG_WARN_DIRECT_OBJC_ISA_USAGE = YES_ERROR;
				CLANG_WARN_DOCUMENTATION_COMMENTS = YES;
				CLANG_WARN_EMPTY_BODY = YES;
				CLANG_WARN_ENUM_CONVERSION = YES;
				CLANG_WARN_INFINITE_RECURSION = YES;
				CLANG_WARN_INT_CONVERSION = YES;
				CLANG_WARN_NON_LITERAL_NULL_CONVERSION = YES;
				CLANG_WARN_OBJC_IMPLICIT_RETAIN_SELF = YES;
				CLANG_WARN_OBJC_LITERAL_CONVERSION = YES;
				CLANG_WARN_OBJC_ROOT_CLASS = YES_ERROR;
				CLANG_WARN_RANGE_LOOP_ANALYSIS = YES;
				CLANG_WARN_STRICT_PROTOTYPES = YES;
				CLANG_WARN_SUSPICIOUS_MOVE = YES;
				CLANG_WARN_UNGUARDED_AVAILABILITY = YES_AGGRESSIVE;
				CLANG_WARN_UNREACHABLE_CODE = YES;
				CLANG_WARN__DUPLICATE_METHOD_MATCH = YES;
				CODE_SIGN_IDENTITY = "iPhone Developer";
				COPY_PHASE_STRIP = NO;
				DEBUG_INFORMATION_FORMAT = "dwarf-with-dsym";
				ENABLE_NS_ASSERTIONS = NO;
				ENABLE_STRICT_OBJC_MSGSEND = YES;
				GCC_C_LANGUAGE_STANDARD = gnu11;
				GCC_NO_COMMON_BLOCKS = YES;
				GCC_WARN_64_TO_32_BIT_CONVERSION = YES;
				GCC_WARN_ABOUT_RETURN_TYPE = YES_ERROR;
				GCC_WARN_UNDECLARED_SELECTOR = YES;
				GCC_WARN_UNINITIALIZED_AUTOS = YES_AGGRESSIVE;
				GCC_WARN_UNUSED_FUNCTION = YES;
				GCC_WARN_UNUSED_VARIABLE = YES;
				IPHONEOS_DEPLOYMENT_TARGET = 12.1;
				MTL_ENABLE_DEBUG_INFO = NO;
				MTL_FAST_MATH = YES;
				SDKROOT = iphoneos;
				SWIFT_COMPILATION_MODE = wholemodule;
				SWIFT_OPTIMIZATION_LEVEL = "-O";
				VALIDATE_PRODUCT = YES;
			};
			name = Release;
		};
		3BED09E321AD858900905978 /* Debug */ = {
			isa = XCBuildConfiguration;
			buildSettings = {
				ASSETCATALOG_COMPILER_APPICON_NAME = AppIcon;
				CODE_SIGN_STYLE = Automatic;
				DEVELOPMENT_TEAM = F678QTNNJK;
				INFOPLIST_FILE = "App Store/Info.plist";
				IPHONEOS_DEPLOYMENT_TARGET = 12.1;
				LD_RUNPATH_SEARCH_PATHS = (
					"$(inherited)",
					"@executable_path/Frameworks",
				);
				PRODUCT_BUNDLE_IDENTIFIER = "com.flametheory.App-Store";
				PRODUCT_NAME = "$(TARGET_NAME)";
				SWIFT_VERSION = 4.2;
				TARGETED_DEVICE_FAMILY = "1,2";
			};
			name = Debug;
		};
		3BED09E421AD858900905978 /* Release */ = {
			isa = XCBuildConfiguration;
			buildSettings = {
				ASSETCATALOG_COMPILER_APPICON_NAME = AppIcon;
				CODE_SIGN_STYLE = Automatic;
				DEVELOPMENT_TEAM = F678QTNNJK;
				INFOPLIST_FILE = "App Store/Info.plist";
				IPHONEOS_DEPLOYMENT_TARGET = 12.1;
				LD_RUNPATH_SEARCH_PATHS = (
					"$(inherited)",
					"@executable_path/Frameworks",
				);
				PRODUCT_BUNDLE_IDENTIFIER = "com.flametheory.App-Store";
				PRODUCT_NAME = "$(TARGET_NAME)";
				SWIFT_VERSION = 4.2;
				TARGETED_DEVICE_FAMILY = "1,2";
			};
			name = Release;
		};
/* End XCBuildConfiguration section */

/* Begin XCConfigurationList section */
		3BED09CB21AD858600905978 /* Build configuration list for PBXProject "App Store" */ = {
			isa = XCConfigurationList;
			buildConfigurations = (
				3BED09E021AD858900905978 /* Debug */,
				3BED09E121AD858900905978 /* Release */,
			);
			defaultConfigurationIsVisible = 0;
			defaultConfigurationName = Release;
		};
		3BED09E221AD858900905978 /* Build configuration list for PBXNativeTarget "App Store" */ = {
			isa = XCConfigurationList;
			buildConfigurations = (
				3BED09E321AD858900905978 /* Debug */,
				3BED09E421AD858900905978 /* Release */,
			);
			defaultConfigurationIsVisible = 0;
			defaultConfigurationName = Release;
		};
/* End XCConfigurationList section */
	};
	rootObject = 3BED09C821AD858600905978 /* Project object */;
}
